
Microsoft Visual Studio Solution File, Format Version 12.00
# Visual Studio Version 17
VisualStudioVersion = 17.0.32014.148
MinimumVisualStudioVersion = 10.0.40219.1
Project("{FAE04EC0-301F-11D3-BF4B-00C04F79EFBC}") = "ASPNETWebAPISample", "ASPNETWebAPISample\ASPNETWebAPISample.csproj", "{99A946CD-1605-4B49-9A7D-15B0C0BC953E}"
EndProject
Global
	GlobalSection(SolutionConfigurationPlatforms) = preSolution
		Debug|Any CPU = Debug|Any CPU
		Release|Any CPU = Release|Any CPU
	EndGlobalSection
	GlobalSection(ProjectConfigurationPlatforms) = postSolution
		{99A946CD-1605-4B49-9A7D-15B0C0BC953E}.Debug|Any CPU.ActiveCfg = Debug|Any CPU
		{99A946CD-1605-4B49-9A7D-15B0C0BC953E}.Debug|Any CPU.Build.0 = Debug|Any CPU
		{99A946CD-1605-4B49-9A7D-15B0C0BC953E}.Release|Any CPU.ActiveCfg = Release|Any CPU
		{99A946CD-1605-4B49-9A7D-15B0C0BC953E}.Release|Any CPU.Build.0 = Release|Any CPU
	EndGlobalSection
	GlobalSection(SolutionProperties) = preSolution
		HideSolutionNode = FALSE
	EndGlobalSection
	GlobalSection(ExtensibilityGlobals) = postSolution
		SolutionGuid = {371BE141-D869-4AA6-A39E-0093F025FEA7}
	EndGlobalSection
EndGlobal
